Microsoft Visual Studio Solution File, Format Version 12.00
# Visual Studio Version 17
VisualStudioVersion = 17.5.2.0
MinimumVisualStudioVersion = 10.0.40219.1
Project("{FAE04EC0-301F-11D3-BF4B-00C04F79EFBC}") = "esomesin", "esomesin.csproj", "{977DD9D1-ED85-6C76-82A4-D236D97D735B}"
EndProject
Global
	GlobalSection(SolutionConfigurationPlatforms) = preSolution
		Debug|Any CPU = Debug|Any CPU
		Release|Any CPU = Release|Any CPU
	EndGlobalSection
	GlobalSection(ProjectConfigurationPlatforms) = postSolution
		{977DD9D1-ED85-6C76-82A4-D236D97D735B}.Debug|Any CPU.ActiveCfg = Debug|Any CPU
		{977DD9D1-ED85-6C76-82A4-D236D97D735B}.Debug|Any CPU.Build.0 = Debug|Any CPU
		{977DD9D1-ED85-6C76-82A4-D236D97D735B}.Release|Any CPU.ActiveCfg = Release|Any CPU
		{977DD9D1-ED85-6C76-82A4-D236D97D735B}.Release|Any CPU.Build.0 = Release|Any CPU
	EndGlobalSection
	GlobalSection(SolutionProperties) = preSolution
		HideSolutionNode = FALSE
	EndGlobalSection
	GlobalSection(ExtensibilityGlobals) = postSolution
		SolutionGuid = {79DC6644-78EE-460B-862B-87502B9919B7}
	EndGlobalSection
EndGlobal
